{
  "requires": true,
  "lockfileVersion": 1,
  "dependencies": {
    "get-stdin": {
      "version": "4.0.1",
      "resolved": "https://registry.npmjs.org/get-stdin/-/get-stdin-4.0.1.tgz",
      "integrity": "sha1-uWjGsKBDhDJJAui/Gl3zJXmkUP4="
    },
    "html-dnd": {
      "version": "1.2.1",
      "resolved": "https://registry.npmjs.org/html-dnd/-/html-dnd-1.2.1.tgz",
      "integrity": "sha512-yO4Jg4TqFCEGVxvmAXZ8EpgQFF8YACuPiK2DXMgWGQ73bTdtZm6AgyFa/NUrmD3TyQXd4F2U3IoNWmR5cXzvgg==",
      "requires": {
        "multiline": "^1.0.2"
      }
    },
    "multiline": {
      "version": "1.0.2",
      "resolved": "https://registry.npmjs.org/multiline/-/multiline-1.0.2.tgz",
      "integrity": "sha1-abHyX/B00oKJBPJE3dBrfZbvbJM=",
      "requires": {
        "strip-indent": "^1.0.0"
      }
    },
    "strip-indent": {
      "version": "1.0.1",
      "resolved": "https://registry.npmjs.org/strip-indent/-/strip-indent-1.0.1.tgz",
      "integrity": "sha1-DHlipq3vp7vUrDZkYKY4VSrhoKI=",
      "requires": {
        "get-stdin": "^4.0.1"
      }
    }
  }
}
